
Microsoft Visual Studio Solution File, Format Version 12.00
# Visual Studio Version 17
VisualStudioVersion = 17.8.34322.80
MinimumVisualStudioVersion = 10.0.40219.1
Project("{8BC9CEB8-8B4A-11D0-8D11-00A0C91BC942}") = "Censorship of bad words", "Censorship of bad words\Censorship of bad words.vcxproj", "{AB445BA7-768A-4B38-BBB9-ECD7EC033C59}"
EndProject
Global
	GlobalSection(SolutionConfigurationPlatforms) = preSolution
		Debug|x64 = Debug|x64
		Debug|x86 = Debug|x86
		Release|x64 = Release|x64
		Release|x86 = Release|x86
	EndGlobalSection
	GlobalSection(ProjectConfigurationPlatforms) = postSolution
		{AB445BA7-768A-4B38-BBB9-ECD7EC033C59}.Debug|x64.ActiveCfg = Debug|x64
		{AB445BA7-768A-4B38-BBB9-ECD7EC033C59}.Debug|x64.Build.0 = Debug|x64
		{AB445BA7-768A-4B38-BBB9-ECD7EC033C59}.Debug|x86.ActiveCfg = Debug|Win32
		{AB445BA7-768A-4B38-BBB9-ECD7EC033C59}.Debug|x86.Build.0 = Debug|Win32
		{AB445BA7-768A-4B38-BBB9-ECD7EC033C59}.Release|x64.ActiveCfg = Release|x64
		{AB445BA7-768A-4B38-BBB9-ECD7EC033C59}.Release|x64.Build.0 = Release|x64
		{AB445BA7-768A-4B38-BBB9-ECD7EC033C59}.Release|x86.ActiveCfg = Release|Win32
		{AB445BA7-768A-4B38-BBB9-ECD7EC033C59}.Release|x86.Build.0 = Release|Win32
	EndGlobalSection
	GlobalSection(SolutionProperties) = preSolution
		HideSolutionNode = FALSE
	EndGlobalSection
	GlobalSection(ExtensibilityGlobals) = postSolution
		SolutionGuid = {4C392B76-F61E-4555-8DF6-8ECD7FE2D020}
	EndGlobalSection
EndGlobal
